
Microsoft Visual Studio Solution File, Format Version 12.00
# Visual Studio 15
Project("{FAE04EC0-301F-11D3-BF4B-00C04F79EFBC}") = "commune.Android", "commune.Android\commune.Android.csproj", "{5B5A37EC-992A-4859-A00B-1FDCDCD083BB}"
EndProject
Project("{FAE04EC0-301F-11D3-BF4B-00C04F79EFBC}") = "commune.iOS", "commune.iOS\commune.iOS.csproj", "{54C835D0-3386-45EF-A22E-33371379A275}"
EndProject
Project("{FAE04EC0-301F-11D3-BF4B-00C04F79EFBC}") = "commune", "commune\commune.csproj", "{7B553FD6-4DC3-489E-8F48-E73A533B002A}"
EndProject
Global
	GlobalSection(SolutionConfigurationPlatforms) = preSolution
		Debug|Any CPU = Debug|Any CPU
		Release|Any CPU = Release|Any CPU
		Debug|iPhoneSimulator = Debug|iPhoneSimulator
		Release|iPhoneSimulator = Release|iPhoneSimulator
		Debug|iPhone = Debug|iPhone
		Release|iPhone = Release|iPhone
	EndGlobalSection
	GlobalSection(ProjectConfigurationPlatforms) = postSolution
		{5B5A37EC-992A-4859-A00B-1FDCDCD083BB}.Debug|Any CPU.ActiveCfg = Debug|Any CPU
		{5B5A37EC-992A-4859-A00B-1FDCDCD083BB}.Debug|Any CPU.Build.0 = Debug|Any CPU
		{5B5A37EC-992A-4859-A00B-1FDCDCD083BB}.Release|Any CPU.ActiveCfg = Release|Any CPU
		{5B5A37EC-992A-4859-A00B-1FDCDCD083BB}.Release|Any CPU.Build.0 = Release|Any CPU
		{5B5A37EC-992A-4859-A00B-1FDCDCD083BB}.Debug|iPhoneSimulator.ActiveCfg = Debug|Any CPU
		{5B5A37EC-992A-4859-A00B-1FDCDCD083BB}.Debug|iPhoneSimulator.Build.0 = Debug|Any CPU
		{5B5A37EC-992A-4859-A00B-1FDCDCD083BB}.Release|iPhoneSimulator.ActiveCfg = Release|Any CPU
		{5B5A37EC-992A-4859-A00B-1FDCDCD083BB}.Release|iPhoneSimulator.Build.0 = Release|Any CPU
		{5B5A37EC-992A-4859-A00B-1FDCDCD083BB}.Debug|iPhone.ActiveCfg = Debug|Any CPU
		{5B5A37EC-992A-4859-A00B-1FDCDCD083BB}.Debug|iPhone.Build.0 = Debug|Any CPU
		{5B5A37EC-992A-4859-A00B-1FDCDCD083BB}.Release|iPhone.ActiveCfg = Release|Any CPU
		{5B5A37EC-992A-4859-A00B-1FDCDCD083BB}.Release|iPhone.Build.0 = Release|Any CPU
		{54C835D0-3386-45EF-A22E-33371379A275}.Debug|Any CPU.ActiveCfg = Debug|iPhoneSimulator
		{54C835D0-3386-45EF-A22E-33371379A275}.Debug|Any CPU.Build.0 = Debug|iPhoneSimulator
		{54C835D0-3386-45EF-A22E-33371379A275}.Release|Any CPU.ActiveCfg = Release|iPhoneSimulator
		{54C835D0-3386-45EF-A22E-33371379A275}.Release|Any CPU.Build.0 = Release|iPhoneSimulator
		{54C835D0-3386-45EF-A22E-33371379A275}.Debug|iPhoneSimulator.ActiveCfg = Debug|iPhoneSimulator
		{54C835D0-3386-45EF-A22E-33371379A275}.Debug|iPhoneSimulator.Build.0 = Debug|iPhoneSimulator
		{54C835D0-3386-45EF-A22E-33371379A275}.Release|iPhoneSimulator.ActiveCfg = Release|iPhoneSimulator
		{54C835D0-3386-45EF-A22E-33371379A275}.Release|iPhoneSimulator.Build.0 = Release|iPhoneSimulator
		{54C835D0-3386-45EF-A22E-33371379A275}.Debug|iPhone.ActiveCfg = Debug|iPhone
		{54C835D0-3386-45EF-A22E-33371379A275}.Debug|iPhone.Build.0 = Debug|iPhone
		{54C835D0-3386-45EF-A22E-33371379A275}.Release|iPhone.ActiveCfg = Release|iPhone
		{54C835D0-3386-45EF-A22E-33371379A275}.Release|iPhone.Build.0 = Release|iPhone
		{7B553FD6-4DC3-489E-8F48-E73A533B002A}.Debug|Any CPU.ActiveCfg = Debug|Any CPU
		{7B553FD6-4DC3-489E-8F48-E73A533B002A}.Debug|Any CPU.Build.0 = Debug|Any CPU
		{7B553FD6-4DC3-489E-8F48-E73A533B002A}.Release|Any CPU.ActiveCfg = Release|Any CPU
		{7B553FD6-4DC3-489E-8F48-E73A533B002A}.Release|Any CPU.Build.0 = Release|Any CPU
		{7B553FD6-4DC3-489E-8F48-E73A533B002A}.Debug|iPhoneSimulator.ActiveCfg = Debug|Any CPU
		{7B553FD6-4DC3-489E-8F48-E73A533B002A}.Debug|iPhoneSimulator.Build.0 = Debug|Any CPU
		{7B553FD6-4DC3-489E-8F48-E73A533B002A}.Release|iPhoneSimulator.ActiveCfg = Release|Any CPU
		{7B553FD6-4DC3-489E-8F48-E73A533B002A}.Release|iPhoneSimulator.Build.0 = Release|Any CPU
		{7B553FD6-4DC3-489E-8F48-E73A533B002A}.Debug|iPhone.ActiveCfg = Debug|Any CPU
		{7B553FD6-4DC3-489E-8F48-E73A533B002A}.Debug|iPhone.Build.0 = Debug|Any CPU
		{7B553FD6-4DC3-489E-8F48-E73A533B002A}.Release|iPhone.ActiveCfg = Release|Any CPU
		{7B553FD6-4DC3-489E-8F48-E73A533B002A}.Release|iPhone.Build.0 = Release|Any CPU
	EndGlobalSection
EndGlobal
